// !$*UTF8*$!
{
	archiveVersion = 1;
	classes = {
	};
	objectVersion = 56;
	objects = {

/* Begin PBXBuildFile section */
		7926CC2B2BBC5F4900E47DD6 /* ChatViewModel.swift in Sources */ = {isa = PBXBuildFile; fileRef = 7926CC2A2BBC5F4900E47DD6 /* ChatViewModel.swift */; };
		7930BECA2BB61D4F0070419D /* ChatApp.swift in Sources */ = {isa = PBXBuildFile; fileRef = 7930BEC92BB61D4F0070419D /* ChatApp.swift */; };
		7930BECE2BB61D510070419D /* Assets.xcassets in Resources */ = {isa = PBXBuildFile; fileRef = 7930BECD2BB61D510070419D /* Assets.xcassets */; };
		7930BED12BB61D510070419D /* Preview Assets.xcassets in Resources */ = {isa = PBXBuildFile; fileRef = 7930BED02BB61D510070419D /* Preview Assets.xcassets */; };
		7930BED82BB61D6C0070419D /* SwiftUIView.swift in Sources */ = {isa = PBXBuildFile; fileRef = 7930BED72BB61D6C0070419D /* SwiftUIView.swift */; };
		7930BEDA2BB62BBE0070419D /* Messagerow.swift in Sources */ = {isa = PBXBuildFile; fileRef = 7930BED92BB62BBE0070419D /* Messagerow.swift */; };
		7966BFF32BBC1BDE002778A1 /* Message.swift in Sources */ = {isa = PBXBuildFile; fileRef = 7966BFF22BBC1BDE002778A1 /* Message.swift */; };
		7966BFF72BBC3660002778A1 /* User.swift in Sources */ = {isa = PBXBuildFile; fileRef = 7966BFF62BBC3660002778A1 /* User.swift */; };
		7966BFFB2BBC5ABE002778A1 /* Chat.swift in Sources */ = {isa = PBXBuildFile; fileRef = 7966BFFA2BBC5ABE002778A1 /* Chat.swift */; };
		7966BFFE2BBC5CDD002778A1 /* chatData.json in Resources */ = {isa = PBXBuildFile; fileRef = 7966BFFD2BBC5CDD002778A1 /* chatData.json */; };
/* End PBXBuildFile section */

/* Begin PBXFileReference section */
		7926CC2A2BBC5F4900E47DD6 /* ChatViewModel.swift */ = {isa = PBXFileReference; lastKnownFileType = sourcecode.swift; path = ChatViewModel.swift; sourceTree = "<group>"; };
		7930BEC62BB61D4F0070419D /* chatapp.app */ = {isa = PBXFileReference; explicitFileType = wrapper.application; includeInIndex = 0; path = chatapp.app; sourceTree = BUILT_PRODUCTS_DIR; };
		7930BEC92BB61D4F0070419D /* ChatApp.swift */ = {isa = PBXFileReference; lastKnownFileType = sourcecode.swift; path = ChatApp.swift; sourceTree = "<group>"; };
		7930BECD2BB61D510070419D /* Assets.xcassets */ = {isa = PBXFileReference; lastKnownFileType = folder.assetcatalog; path = Assets.xcassets; sourceTree = "<group>"; };
		7930BED02BB61D510070419D /* Preview Assets.xcassets */ = {isa = PBXFileReference; lastKnownFileType = folder.assetcatalog; path = "Preview Assets.xcassets"; sourceTree = "<group>"; };
		7930BED72BB61D6C0070419D /* SwiftUIView.swift */ = {isa = PBXFileReference; lastKnownFileType = sourcecode.swift; path = SwiftUIView.swift; sourceTree = "<group>"; };
		7930BED92BB62BBE0070419D /* Messagerow.swift */ = {isa = PBXFileReference; lastKnownFileType = sourcecode.swift; path = Messagerow.swift; sourceTree = "<group>"; };
		7966BFF22BBC1BDE002778A1 /* Message.swift */ = {isa = PBXFileReference; lastKnownFileType = sourcecode.swift; path = Message.swift; sourceTree = "<group>"; };
		7966BFF62BBC3660002778A1 /* User.swift */ = {isa = PBXFileReference; lastKnownFileType = sourcecode.swift; path = User.swift; sourceTree = "<group>"; };
		7966BFFA2BBC5ABE002778A1 /* Chat.swift */ = {isa = PBXFileReference; lastKnownFileType = sourcecode.swift; path = Chat.swift; sourceTree = "<group>"; };
		7966BFFD2BBC5CDD002778A1 /* chatData.json */ = {isa = PBXFileReference; fileEncoding = 4; lastKnownFileType = text.json; path = chatData.json; sourceTree = "<group>"; };
/* End PBXFileReference section */

/* Begin PBXFrameworksBuildPhase section */
		7930BEC32BB61D4F0070419D /* Frameworks */ = {
			isa = PBXFrameworksBuildPhase;
			buildActionMask = 2147483647;
			files = (
			);
			runOnlyForDeploymentPostprocessing = 0;
		};
/* End PBXFrameworksBuildPhase section */

/* Begin PBXGroup section */
		7926CC292BBC5F0D00E47DD6 /* ViewModels */ = {
			isa = PBXGroup;
			children = (
				7926CC2A2BBC5F4900E47DD6 /* ChatViewModel.swift */,
			);
			path = ViewModels;
			sourceTree = "<group>";
		};
		7930BEBD2BB61D4F0070419D = {
			isa = PBXGroup;
			children = (
				7930BEC82BB61D4F0070419D /* ChatApp */,
				7930BEC72BB61D4F0070419D /* Products */,
			);
			sourceTree = "<group>";
		};
		7930BEC72BB61D4F0070419D /* Products */ = {
			isa = PBXGroup;
			children = (
				7930BEC62BB61D4F0070419D /* chatapp.app */,
			);
			name = Products;
			sourceTree = "<group>";
		};
		7930BEC82BB61D4F0070419D /* ChatApp */ = {
			isa = PBXGroup;
			children = (
				79BDA49B2BBA857C004A4052 /* Models */,
				7930BEC92BB61D4F0070419D /* ChatApp.swift */,
				7930BEDB2BB62BDA0070419D /* Views */,
				7930BECD2BB61D510070419D /* Assets.xcassets */,
				7930BECF2BB61D510070419D /* Preview Content */,
			);
			path = ChatApp;
			sourceTree = "<group>";
		};
		7930BECF2BB61D510070419D /* Preview Content */ = {
			isa = PBXGroup;
			children = (
				7930BED02BB61D510070419D /* Preview Assets.xcassets */,
			);
			path = "Preview Content";
			sourceTree = "<group>";
		};
		7930BEDB2BB62BDA0070419D /* Views */ = {
			isa = PBXGroup;
			children = (
				7930BED72BB61D6C0070419D /* SwiftUIView.swift */,
				7930BED92BB62BBE0070419D /* Messagerow.swift */,
				7926CC292BBC5F0D00E47DD6 /* ViewModels */,
				7966BFFC2BBC5B7D002778A1 /* Dataservices */,
			);
			path = Views;
			sourceTree = "<group>";
		};
		7966BFFC2BBC5B7D002778A1 /* Dataservices */ = {
			isa = PBXGroup;
			children = (
				7966BFFD2BBC5CDD002778A1 /* chatData.json */,
			);
			path = Dataservices;
			sourceTree = "<group>";
		};
		79BDA49B2BBA857C004A4052 /* Models */ = {
			isa = PBXGroup;
			children = (
				7966BFFA2BBC5ABE002778A1 /* Chat.swift */,
				7966BFF22BBC1BDE002778A1 /* Message.swift */,
				7966BFF62BBC3660002778A1 /* User.swift */,
			);
			path = Models;
			sourceTree = "<group>";
		};
/* End PBXGroup section */

/* Begin PBXNativeTarget section */
		7930BEC52BB61D4F0070419D /* chatapp */ = {
			isa = PBXNativeTarget;
			buildConfigurationList = 7930BED42BB61D510070419D /* Build configuration list for PBXNativeTarget "chatapp" */;
			buildPhases = (
				7930BEC22BB61D4F0070419D /* Sources */,
				7930BEC32BB61D4F0070419D /* Frameworks */,
				7930BEC42BB61D4F0070419D /* Resources */,
			);
			buildRules = (
			);
			dependencies = (
			);
			name = chatapp;
			productName = chatapp;
			productReference = 7930BEC62BB61D4F0070419D /* chatapp.app */;
			productType = "com.apple.product-type.application";
		};
/* End PBXNativeTarget section */

/* Begin PBXProject section */
		7930BEBE2BB61D4F0070419D /* Project object */ = {
			isa = PBXProject;
			attributes = {
				BuildIndependentTargetsInParallel = 1;
				LastSwiftUpdateCheck = 1530;
				LastUpgradeCheck = 1530;
				TargetAttributes = {
					7930BEC52BB61D4F0070419D = {
						CreatedOnToolsVersion = 15.3;
					};
				};
			};
			buildConfigurationList = 7930BEC12BB61D4F0070419D /* Build configuration list for PBXProject "chatapp" */;
			compatibilityVersion = "Xcode 14.0";
			developmentRegion = en;
			hasScannedForEncodings = 0;
			knownRegions = (
				en,
				Base,
			);
			mainGroup = 7930BEBD2BB61D4F0070419D;
			productRefGroup = 7930BEC72BB61D4F0070419D /* Products */;
			projectDirPath = "";
			projectRoot = "";
			targets = (
				7930BEC52BB61D4F0070419D /* chatapp */,
			);
		};
/* End PBXProject section */

/* Begin PBXResourcesBuildPhase section */
		7930BEC42BB61D4F0070419D /* Resources */ = {
			isa = PBXResourcesBuildPhase;
			buildActionMask = 2147483647;
			files = (
				7930BED12BB61D510070419D /* Preview Assets.xcassets in Resources */,
				7966BFFE2BBC5CDD002778A1 /* chatData.json in Resources */,
				7930BECE2BB61D510070419D /* Assets.xcassets in Resources */,
			);
			runOnlyForDeploymentPostprocessing = 0;
		};
/* End PBXResourcesBuildPhase section */

/* Begin PBXSourcesBuildPhase section */
		7930BEC22BB61D4F0070419D /* Sources */ = {
			isa = PBXSourcesBuildPhase;
			buildActionMask = 2147483647;
			files = (
				7930BEDA2BB62BBE0070419D /* Messagerow.swift in Sources */,
				7926CC2B2BBC5F4900E47DD6 /* ChatViewModel.swift in Sources */,
				7966BFFB2BBC5ABE002778A1 /* Chat.swift in Sources */,
				7966BFF32BBC1BDE002778A1 /* Message.swift in Sources */,
				7930BECA2BB61D4F0070419D /* ChatApp.swift in Sources */,
				7930BED82BB61D6C0070419D /* SwiftUIView.swift in Sources */,
				7966BFF72BBC3660002778A1 /* User.swift in Sources */,
			);
			runOnlyForDeploymentPostprocessing = 0;
		};
/* End PBXSourcesBuildPhase section */

/* Begin XCBuildConfiguration section */
		7930BED22BB61D510070419D /* Debug */ = {
			isa = XCBuildConfiguration;
			buildSettings = {
				ALWAYS_SEARCH_USER_PATHS = NO;
				ASSETCATALOG_COMPILER_GENERATE_SWIFT_ASSET_SYMBOL_EXTENSIONS = YES;
				CLANG_ANALYZER_NONNULL = YES;
				CLANG_ANALYZER_NUMBER_OBJECT_CONVERSION = YES_AGGRESSIVE;
				CLANG_CXX_LANGUAGE_STANDARD = "gnu++20";
				CLANG_ENABLE_MODULES = YES;
				CLANG_ENABLE_OBJC_ARC = YES;
				CLANG_ENABLE_OBJC_WEAK = YES;
				CLANG_WARN_BLOCK_CAPTURE_AUTORELEASING = YES;
				CLANG_WARN_BOOL_CONVERSION = YES;
				CLANG_WARN_COMMA = YES;
				CLANG_WARN_CONSTANT_CONVERSION = YES;
				CLANG_WARN_DEPRECATED_OBJC_IMPLEMENTATIONS = YES;
				CLANG_WARN_DIRECT_OBJC_ISA_USAGE = YES_ERROR;
				CLANG_WARN_DOCUMENTATION_COMMENTS = YES;
				CLANG_WARN_EMPTY_BODY = YES;
				CLANG_WARN_ENUM_CONVERSION = YES;
				CLANG_WARN_INFINITE_RECURSION = YES;
				CLANG_WARN_INT_CONVERSION = YES;
				CLANG_WARN_NON_LITERAL_NULL_CONVERSION = YES;
				CLANG_WARN_OBJC_IMPLICIT_RETAIN_SELF = YES;
				CLANG_WARN_OBJC_LITERAL_CONVERSION = YES;
				CLANG_WARN_OBJC_ROOT_CLASS = YES_ERROR;
				CLANG_WARN_QUOTED_INCLUDE_IN_FRAMEWORK_HEADER = YES;
				CLANG_WARN_RANGE_LOOP_ANALYSIS = YES;
				CLANG_WARN_STRICT_PROTOTYPES = YES;
				CLANG_WARN_SUSPICIOUS_MOVE = YES;
				CLANG_WARN_UNGUARDED_AVAILABILITY = YES_AGGRESSIVE;
				CLANG_WARN_UNREACHABLE_CODE = YES;
				CLANG_WARN__DUPLICATE_METHOD_MATCH = YES;
				COPY_PHASE_STRIP = NO;
				DEBUG_INFORMATION_FORMAT = dwarf;
				ENABLE_STRICT_OBJC_MSGSEND = YES;
				ENABLE_TESTABILITY = YES;
				ENABLE_USER_SCRIPT_SANDBOXING = YES;
				GCC_C_LANGUAGE_STANDARD = gnu17;
				GCC_DYNAMIC_NO_PIC = NO;
				GCC_NO_COMMON_BLOCKS = YES;
				GCC_OPTIMIZATION_LEVEL = 0;
				GCC_PREPROCESSOR_DEFINITIONS = (
					"DEBUG=1",
					"$(inherited)",
				);
				GCC_WARN_64_TO_32_BIT_CONVERSION = YES;
				GCC_WARN_ABOUT_RETURN_TYPE = YES_ERROR;
				GCC_WARN_UNDECLARED_SELECTOR = YES;
				GCC_WARN_UNINITIALIZED_AUTOS = YES_AGGRESSIVE;
				GCC_WARN_UNUSED_FUNCTION = YES;
				GCC_WARN_UNUSED_VARIABLE = YES;
				IPHONEOS_DEPLOYMENT_TARGET = 17.4;
				LOCALIZATION_PREFERS_STRING_CATALOGS = YES;
				MTL_ENABLE_DEBUG_INFO = INCLUDE_SOURCE;
				MTL_FAST_MATH = YES;
				ONLY_ACTIVE_ARCH = YES;
				SDKROOT = iphoneos;
				SWIFT_ACTIVE_COMPILATION_CONDITIONS = "DEBUG $(inherited)";
				SWIFT_OPTIMIZATION_LEVEL = "-Onone";
			};
			name = Debug;
		};
		7930BED32BB61D510070419D /* Release */ = {
			isa = XCBuildConfiguration;
			buildSettings = {
				ALWAYS_SEARCH_USER_PATHS = NO;
				ASSETCATALOG_COMPILER_GENERATE_SWIFT_ASSET_SYMBOL_EXTENSIONS = YES;
				CLANG_ANALYZER_NONNULL = YES;
				CLANG_ANALYZER_NUMBER_OBJECT_CONVERSION = YES_AGGRESSIVE;
				CLANG_CXX_LANGUAGE_STANDARD = "gnu++20";
				CLANG_ENABLE_MODULES = YES;
				CLANG_ENABLE_OBJC_ARC = YES;
				CLANG_ENABLE_OBJC_WEAK = YES;
				CLANG_WARN_BLOCK_CAPTURE_AUTORELEASING = YES;
				CLANG_WARN_BOOL_CONVERSION = YES;
				CLANG_WARN_COMMA = YES;
				CLANG_WARN_CONSTANT_CONVERSION = YES;
				CLANG_WARN_DEPRECATED_OBJC_IMPLEMENTATIONS = YES;
				CLANG_WARN_DIRECT_OBJC_ISA_USAGE = YES_ERROR;
				CLANG_WARN_DOCUMENTATION_COMMENTS = YES;
				CLANG_WARN_EMPTY_BODY = YES;
				CLANG_WARN_ENUM_CONVERSION = YES;
				CLANG_WARN_INFINITE_RECURSION = YES;
				CLANG_WARN_INT_CONVERSION = YES;
				CLANG_WARN_NON_LITERAL_NULL_CONVERSION = YES;
				CLANG_WARN_OBJC_IMPLICIT_RETAIN_SELF = YES;
				CLANG_WARN_OBJC_LITERAL_CONVERSION = YES;
				CLANG_WARN_OBJC_ROOT_CLASS = YES_ERROR;
				CLANG_WARN_QUOTED_INCLUDE_IN_FRAMEWORK_HEADER = YES;
				CLANG_WARN_RANGE_LOOP_ANALYSIS = YES;
				CLANG_WARN_STRICT_PROTOTYPES = YES;
				CLANG_WARN_SUSPICIOUS_MOVE = YES;
				CLANG_WARN_UNGUARDED_AVAILABILITY = YES_AGGRESSIVE;
				CLANG_WARN_UNREACHABLE_CODE = YES;
				CLANG_WARN__DUPLICATE_METHOD_MATCH = YES;
				COPY_PHASE_STRIP = NO;
				DEBUG_INFORMATION_FORMAT = "dwarf-with-dsym";
				ENABLE_NS_ASSERTIONS = NO;
				ENABLE_STRICT_OBJC_MSGSEND = YES;
				ENABLE_USER_SCRIPT_SANDBOXING = YES;
				GCC_C_LANGUAGE_STANDARD = gnu17;
				GCC_NO_COMMON_BLOCKS = YES;
				GCC_WARN_64_TO_32_BIT_CONVERSION = YES;
				GCC_WARN_ABOUT_RETURN_TYPE = YES_ERROR;
				GCC_WARN_UNDECLARED_SELECTOR = YES;
				GCC_WARN_UNINITIALIZED_AUTOS = YES_AGGRESSIVE;
				GCC_WARN_UNUSED_FUNCTION = YES;
				GCC_WARN_UNUSED_VARIABLE = YES;
				IPHONEOS_DEPLOYMENT_TARGET = 17.4;
				LOCALIZATION_PREFERS_STRING_CATALOGS = YES;
				MTL_ENABLE_DEBUG_INFO = NO;
				MTL_FAST_MATH = YES;
				SDKROOT = iphoneos;
				SWIFT_COMPILATION_MODE = wholemodule;
				VALIDATE_PRODUCT = YES;
			};
			name = Release;
		};
		7930BED52BB61D510070419D /* Debug */ = {
			isa = XCBuildConfiguration;
			buildSettings = {
				ASSETCATALOG_COMPILER_APPICON_NAME = AppIcon;
				ASSETCATALOG_COMPILER_GLOBAL_ACCENT_COLOR_NAME = AccentColor;
				CODE_SIGN_STYLE = Automatic;
				CURRENT_PROJECT_VERSION = 1;
				DEVELOPMENT_ASSET_PATHS = "\"chatapp/Preview Content\"";
				ENABLE_PREVIEWS = YES;
				GENERATE_INFOPLIST_FILE = YES;
				INFOPLIST_KEY_UIApplicationSceneManifest_Generation = YES;
				INFOPLIST_KEY_UIApplicationSupportsIndirectInputEvents = YES;
				INFOPLIST_KEY_UILaunchScreen_Generation = YES;
				INFOPLIST_KEY_UISupportedInterfaceOrientations_iPad = "UIInterfaceOrientationPortrait UIInterfaceOrientationPortraitUpsideDown UIInterfaceOrientationLandscapeLeft UIInterfaceOrientationLandscapeRight";
				INFOPLIST_KEY_UISupportedInterfaceOrientations_iPhone = "UIInterfaceOrientationPortrait UIInterfaceOrientationLandscapeLeft UIInterfaceOrientationLandscapeRight";
				LD_RUNPATH_SEARCH_PATHS = (
					"$(inherited)",
					"@executable_path/Frameworks",
				);
				MARKETING_VERSION = 1.0;
				PRODUCT_BUNDLE_IDENTIFIER = com.kenji.chatapp;
				PRODUCT_NAME = "$(TARGET_NAME)";
				SWIFT_EMIT_LOC_STRINGS = YES;
				SWIFT_VERSION = 5.0;
				TARGETED_DEVICE_FAMILY = "1,2";
			};
			name = Debug;
		};
		7930BED62BB61D510070419D /* Release */ = {
			isa = XCBuildConfiguration;
			buildSettings = {
				ASSETCATALOG_COMPILER_APPICON_NAME = AppIcon;
				ASSETCATALOG_COMPILER_GLOBAL_ACCENT_COLOR_NAME = AccentColor;
				CODE_SIGN_STYLE = Automatic;
				CURRENT_PROJECT_VERSION = 1;
				DEVELOPMENT_ASSET_PATHS = "\"chatapp/Preview Content\"";
				ENABLE_PREVIEWS = YES;
				GENERATE_INFOPLIST_FILE = YES;
				INFOPLIST_KEY_UIApplicationSceneManifest_Generation = YES;
				INFOPLIST_KEY_UIApplicationSupportsIndirectInputEvents = YES;
				INFOPLIST_KEY_UILaunchScreen_Generation = YES;
				INFOPLIST_KEY_UISupportedInterfaceOrientations_iPad = "UIInterfaceOrientationPortrait UIInterfaceOrientationPortraitUpsideDown UIInterfaceOrientationLandscapeLeft UIInterfaceOrientationLandscapeRight";
				INFOPLIST_KEY_UISupportedInterfaceOrientations_iPhone = "UIInterfaceOrientationPortrait UIInterfaceOrientationLandscapeLeft UIInterfaceOrientationLandscapeRight";
				LD_RUNPATH_SEARCH_PATHS = (
					"$(inherited)",
					"@executable_path/Frameworks",
				);
				MARKETING_VERSION = 1.0;
				PRODUCT_BUNDLE_IDENTIFIER = com.kenji.chatapp;
				PRODUCT_NAME = "$(TARGET_NAME)";
				SWIFT_EMIT_LOC_STRINGS = YES;
				SWIFT_VERSION = 5.0;
				TARGETED_DEVICE_FAMILY = "1,2";
			};
			name = Release;
		};
/* End XCBuildConfiguration section */

/* Begin XCConfigurationList section */
		7930BEC12BB61D4F0070419D /* Build configuration list for PBXProject "chatapp" */ = {
			isa = XCConfigurationList;
			buildConfigurations = (
				7930BED22BB61D510070419D /* Debug */,
				7930BED32BB61D510070419D /* Release */,
			);
			defaultConfigurationIsVisible = 0;
			defaultConfigurationName = Release;
		};
		7930BED42BB61D510070419D /* Build configuration list for PBXNativeTarget "chatapp" */ = {
			isa = XCConfigurationList;
			buildConfigurations = (
				7930BED52BB61D510070419D /* Debug */,
				7930BED62BB61D510070419D /* Release */,
			);
			defaultConfigurationIsVisible = 0;
			defaultConfigurationName = Release;
		};
/* End XCConfigurationList section */
	};
	rootObject = 7930BEBE2BB61D4F0070419D /* Project object */;
}
